github.com/DHowett/ranger v0.0.0-20171016084633-e2e137620847 h1:vbNICl5xauZ2HuLRqTwatqQtYpCPsgirEJ+u6zKoERw=
github.com/DHowett/ranger v0.0.0-20171016084633-e2e137620847/go.mod h1:930LdlcCMEfZHADjP/97+zw7YMDnuoL/4QBNH/Mnv4A=
github.com/alfg/mp4 v0.0.0-20181001022957-07ed0e869538 h1:x9xqql8cOYWDCND4e9KGol0sgOsVu+wmJB9arFwnNFQ=
github.com/alfg/mp4 v0.0.0-20181001022957-07ed0e869538/go.mod h1:c+WFySVnVW17W/1kDl/wocQ/iwY3WJ0KQHI0m2IQh/A=
